<?xml version="1.0" encoding="utf-8"?>
<Project ToolsVersion="4.0" xmlns="http://schemas.microsoft.com/developer/msbuild/2003">
  <ItemGroup>
    <Filter Include="common">
      <UniqueIdentifier>{1859a7f7-90b0-4573-aa55-ad949dbd156a}</UniqueIdentifier>
    </Filter>
    <Filter Include="lr">
      <UniqueIdentifier>{9454f025-2650-471b-9867-fea8147bc127}</UniqueIdentifier>
    </Filter>
    <Filter Include="lda">
      <UniqueIdentifier>{f292c463-7d66-439f-b842-06cf1dfec8f0}</UniqueIdentifier>
    </Filter>
  </ItemGroup>
  <ItemGroup>
    <ClInclude Include="..\src\common\blas-decl.h">
      <Filter>common</Filter>
    </ClInclude>
    <ClInclude Include="..\src\common\city.h">
      <Filter>common</Filter>
    </ClInclude>
    <ClInclude Include="..\src\common\hash-function.h">
      <Filter>common</Filter>
    </ClInclude>
    <ClInclude Include="..\src\common\lbfgs.h">
      <Filter>common</Filter>
    </ClInclude>
    <ClInclude Include="..\src\lr\lr.h">
      <Filter>lr</Filter>
    </ClInclude>
    <ClInclude Include="..\src\lr\metric.h">
      <Filter>lr</Filter>
    </ClInclude>
    <ClInclude Include="..\src\lr\problem.h">
      <Filter>lr</Filter>
    </ClInclude>
    <ClInclude Include="..\src\common\line-reader.h">
      <Filter>common</Filter>
    </ClInclude>
    <ClInclude Include="..\src\common\x.h">
      <Filter>common</Filter>
    </ClInclude>
    <ClInclude Include="..\src\common\hash-entry.h">
      <Filter>common</Filter>
    </ClInclude>
    <ClInclude Include="..\src\lda\alias.h">
      <Filter>lda</Filter>
    </ClInclude>
    <ClInclude Include="..\src\common\mt64.h">
      <Filter>common</Filter>
    </ClInclude>
    <ClInclude Include="..\src\common\mt19937ar.h">
      <Filter>common</Filter>
    </ClInclude>
    <ClInclude Include="..\src\lda\model.h">
      <Filter>lda</Filter>
    </ClInclude>
  </ItemGroup>
  <ItemGroup>
    <ClCompile Include="..\src\common\city.cc">
      <Filter>common</Filter>
    </ClCompile>
    <ClCompile Include="..\src\common\daxpy.c">
      <Filter>common</Filter>
    </ClCompile>
    <ClCompile Include="..\src\common\dcopy.c">
      <Filter>common</Filter>
    </ClCompile>
    <ClCompile Include="..\src\common\ddot.c">
      <Filter>common</Filter>
    </ClCompile>
    <ClCompile Include="..\src\common\dscal.c">
      <Filter>common</Filter>
    </ClCompile>
    <ClCompile Include="..\src\common\dswap.c">
      <Filter>common</Filter>
    </ClCompile>
    <ClCompile Include="..\src\common\hash-function.c">
      <Filter>common</Filter>
    </ClCompile>
    <ClCompile Include="..\src\common\lbfgs.c">
      <Filter>common</Filter>
    </ClCompile>
    <ClCompile Include="..\src\common\lbfgs-test.c">
      <Filter>common</Filter>
    </ClCompile>
    <ClCompile Include="..\src\lr\lr.cc">
      <Filter>lr</Filter>
    </ClCompile>
    <ClCompile Include="..\src\lr\metric.cc">
      <Filter>lr</Filter>
    </ClCompile>
    <ClCompile Include="..\src\lr\problem.cc">
      <Filter>lr</Filter>
    </ClCompile>
    <ClCompile Include="..\src\common\hash-entry.cc">
      <Filter>common</Filter>
    </ClCompile>
    <ClCompile Include="..\src\lda\alias.cc">
      <Filter>lda</Filter>
    </ClCompile>
    <ClCompile Include="..\src\common\mt19937-64.c">
      <Filter>common</Filter>
    </ClCompile>
    <ClCompile Include="..\src\common\mt19937ar.c">
      <Filter>common</Filter>
    </ClCompile>
    <ClCompile Include="..\src\lda\model.cc">
      <Filter>lda</Filter>
    </ClCompile>
  </ItemGroup>
</Project>