
Microsoft Visual Studio Solution File, Format Version 12.00
# Visual Studio 2012
Project("{8BC9CEB8-8B4A-11D0-8D11-00A0C91BC942}") = "galneryus", "galneryus.vcxproj", "{06A0D531-E2F7-42BB-AF9D-102C82448A3A}"
EndProject
Project("{8BC9CEB8-8B4A-11D0-8D11-00A0C91BC942}") = "problem-gen-bin", "problem-gen-bin.vcxproj", "{734D15CD-247A-495E-8FCD-644AD3096669}"
	ProjectSection(ProjectDependencies) = postProject
		{06A0D531-E2F7-42BB-AF9D-102C82448A3A} = {06A0D531-E2F7-42BB-AF9D-102C82448A3A}
	EndProjectSection
EndProject
Project("{8BC9CEB8-8B4A-11D0-8D11-00A0C91BC942}") = "problem-load-bin", "problem-load-bin.vcxproj", "{CB39E776-C568-4EDA-AC2D-C1DA57BFDFB7}"
	ProjectSection(ProjectDependencies) = postProject
		{06A0D531-E2F7-42BB-AF9D-102C82448A3A} = {06A0D531-E2F7-42BB-AF9D-102C82448A3A}
	EndProjectSection
EndProject
Project("{8BC9CEB8-8B4A-11D0-8D11-00A0C91BC942}") = "gen-feature-map", "gen-feature-map.vcxproj", "{35E01BC6-CCBA-4530-A3B5-98E65F3E3459}"
	ProjectSection(ProjectDependencies) = postProject
		{06A0D531-E2F7-42BB-AF9D-102C82448A3A} = {06A0D531-E2F7-42BB-AF9D-102C82448A3A}
	EndProjectSection
EndProject
Project("{8BC9CEB8-8B4A-11D0-8D11-00A0C91BC942}") = "map-sample", "map-sample.vcxproj", "{DF6ACCE6-3AEC-4C63-888C-C2C76BD966B2}"
	ProjectSection(ProjectDependencies) = postProject
		{06A0D531-E2F7-42BB-AF9D-102C82448A3A} = {06A0D531-E2F7-42BB-AF9D-102C82448A3A}
	EndProjectSection
EndProject
Project("{8BC9CEB8-8B4A-11D0-8D11-00A0C91BC942}") = "lr-test", "lr-test.vcxproj", "{5D66754C-1D99-42BD-B3B0-80EB942938C9}"
	ProjectSection(ProjectDependencies) = postProject
		{06A0D531-E2F7-42BB-AF9D-102C82448A3A} = {06A0D531-E2F7-42BB-AF9D-102C82448A3A}
	EndProjectSection
EndProject
Project("{8BC9CEB8-8B4A-11D0-8D11-00A0C91BC942}") = "lr-main", "lr-main.vcxproj", "{08A982A1-9C1D-4580-B16D-F70C8841436F}"
	ProjectSection(ProjectDependencies) = postProject
		{06A0D531-E2F7-42BB-AF9D-102C82448A3A} = {06A0D531-E2F7-42BB-AF9D-102C82448A3A}
	EndProjectSection
EndProject
Project("{8BC9CEB8-8B4A-11D0-8D11-00A0C91BC942}") = "lda-main", "lda-main.vcxproj", "{8DA23EC7-4ABC-49E9-AA71-719083113FC8}"
	ProjectSection(ProjectDependencies) = postProject
		{06A0D531-E2F7-42BB-AF9D-102C82448A3A} = {06A0D531-E2F7-42BB-AF9D-102C82448A3A}
	EndProjectSection
EndProject
Project("{8BC9CEB8-8B4A-11D0-8D11-00A0C91BC942}") = "lda-test", "lda-test.vcxproj", "{B143DFF0-1BCB-4341-AC52-37879049508E}"
	ProjectSection(ProjectDependencies) = postProject
		{06A0D531-E2F7-42BB-AF9D-102C82448A3A} = {06A0D531-E2F7-42BB-AF9D-102C82448A3A}
	EndProjectSection
EndProject
Global
	GlobalSection(SolutionConfigurationPlatforms) = preSolution
		Debug|Win32 = Debug|Win32
		Release|Win32 = Release|Win32
	EndGlobalSection
	GlobalSection(ProjectConfigurationPlatforms) = postSolution
		{06A0D531-E2F7-42BB-AF9D-102C82448A3A}.Debug|Win32.ActiveCfg = Debug|Win32
		{06A0D531-E2F7-42BB-AF9D-102C82448A3A}.Debug|Win32.Build.0 = Debug|Win32
		{06A0D531-E2F7-42BB-AF9D-102C82448A3A}.Release|Win32.ActiveCfg = Release|Win32
		{06A0D531-E2F7-42BB-AF9D-102C82448A3A}.Release|Win32.Build.0 = Release|Win32
		{734D15CD-247A-495E-8FCD-644AD3096669}.Debug|Win32.ActiveCfg = Debug|Win32
		{734D15CD-247A-495E-8FCD-644AD3096669}.Debug|Win32.Build.0 = Debug|Win32
		{734D15CD-247A-495E-8FCD-644AD3096669}.Release|Win32.ActiveCfg = Release|Win32
		{734D15CD-247A-495E-8FCD-644AD3096669}.Release|Win32.Build.0 = Release|Win32
		{CB39E776-C568-4EDA-AC2D-C1DA57BFDFB7}.Debug|Win32.ActiveCfg = Debug|Win32
		{CB39E776-C568-4EDA-AC2D-C1DA57BFDFB7}.Debug|Win32.Build.0 = Debug|Win32
		{CB39E776-C568-4EDA-AC2D-C1DA57BFDFB7}.Release|Win32.ActiveCfg = Release|Win32
		{CB39E776-C568-4EDA-AC2D-C1DA57BFDFB7}.Release|Win32.Build.0 = Release|Win32
		{35E01BC6-CCBA-4530-A3B5-98E65F3E3459}.Debug|Win32.ActiveCfg = Debug|Win32
		{35E01BC6-CCBA-4530-A3B5-98E65F3E3459}.Debug|Win32.Build.0 = Debug|Win32
		{35E01BC6-CCBA-4530-A3B5-98E65F3E3459}.Release|Win32.ActiveCfg = Release|Win32
		{35E01BC6-CCBA-4530-A3B5-98E65F3E3459}.Release|Win32.Build.0 = Release|Win32
		{DF6ACCE6-3AEC-4C63-888C-C2C76BD966B2}.Debug|Win32.ActiveCfg = Debug|Win32
		{DF6ACCE6-3AEC-4C63-888C-C2C76BD966B2}.Debug|Win32.Build.0 = Debug|Win32
		{DF6ACCE6-3AEC-4C63-888C-C2C76BD966B2}.Release|Win32.ActiveCfg = Release|Win32
		{DF6ACCE6-3AEC-4C63-888C-C2C76BD966B2}.Release|Win32.Build.0 = Release|Win32
		{5D66754C-1D99-42BD-B3B0-80EB942938C9}.Debug|Win32.ActiveCfg = Debug|Win32
		{5D66754C-1D99-42BD-B3B0-80EB942938C9}.Debug|Win32.Build.0 = Debug|Win32
		{5D66754C-1D99-42BD-B3B0-80EB942938C9}.Release|Win32.ActiveCfg = Release|Win32
		{5D66754C-1D99-42BD-B3B0-80EB942938C9}.Release|Win32.Build.0 = Release|Win32
		{08A982A1-9C1D-4580-B16D-F70C8841436F}.Debug|Win32.ActiveCfg = Debug|Win32
		{08A982A1-9C1D-4580-B16D-F70C8841436F}.Debug|Win32.Build.0 = Debug|Win32
		{08A982A1-9C1D-4580-B16D-F70C8841436F}.Release|Win32.ActiveCfg = Release|Win32
		{08A982A1-9C1D-4580-B16D-F70C8841436F}.Release|Win32.Build.0 = Release|Win32
		{8DA23EC7-4ABC-49E9-AA71-719083113FC8}.Debug|Win32.ActiveCfg = Debug|Win32
		{8DA23EC7-4ABC-49E9-AA71-719083113FC8}.Debug|Win32.Build.0 = Debug|Win32
		{8DA23EC7-4ABC-49E9-AA71-719083113FC8}.Release|Win32.ActiveCfg = Release|Win32
		{8DA23EC7-4ABC-49E9-AA71-719083113FC8}.Release|Win32.Build.0 = Release|Win32
		{B143DFF0-1BCB-4341-AC52-37879049508E}.Debug|Win32.ActiveCfg = Debug|Win32
		{B143DFF0-1BCB-4341-AC52-37879049508E}.Debug|Win32.Build.0 = Debug|Win32
		{B143DFF0-1BCB-4341-AC52-37879049508E}.Release|Win32.ActiveCfg = Release|Win32
		{B143DFF0-1BCB-4341-AC52-37879049508E}.Release|Win32.Build.0 = Release|Win32
	EndGlobalSection
	GlobalSection(SolutionProperties) = preSolution
		HideSolutionNode = FALSE
	EndGlobalSection
	GlobalSection(Performance) = preSolution
		HasPerformanceSessions = true
	EndGlobalSection
EndGlobal
